
Microsoft Visual Studio Solution File, Format Version 12.00
# Visual Studio Version 17
VisualStudioVersion = 17.3.32825.248
MinimumVisualStudioVersion = 10.0.40219.1
Project("{FAE04EC0-301F-11D3-BF4B-00C04F79EFBC}") = "yuli_osher_pro", "yuli_osher_pro.csproj", "{4C3BB8EF-F4BF-4419-B67F-BE978857B89C}"
EndProject
Global
	GlobalSection(SolutionConfigurationPlatforms) = preSolution
		Debug|Any CPU = Debug|Any CPU
		Release|Any CPU = Release|Any CPU
	EndGlobalSection
	GlobalSection(ProjectConfigurationPlatforms) = postSolution
		{4C3BB8EF-F4BF-4419-B67F-BE978857B89C}.Debug|Any CPU.ActiveCfg = Debug|Any CPU
		{4C3BB8EF-F4BF-4419-B67F-BE978857B89C}.Debug|Any CPU.Build.0 = Debug|Any CPU
		{4C3BB8EF-F4BF-4419-B67F-BE978857B89C}.Release|Any CPU.ActiveCfg = Release|Any CPU
		{4C3BB8EF-F4BF-4419-B67F-BE978857B89C}.Release|Any CPU.Build.0 = Release|Any CPU
	EndGlobalSection
	GlobalSection(SolutionProperties) = preSolution
		HideSolutionNode = FALSE
	EndGlobalSection
	GlobalSection(ExtensibilityGlobals) = postSolution
		SolutionGuid = {F7D95D24-258C-4DB9-9173-33C4524B20F0}
	EndGlobalSection
EndGlobal
